
Microsoft Visual Studio Solution File, Format Version 12.00
# Visual Studio 15
VisualStudioVersion = 15.0.27130.2026
MinimumVisualStudioVersion = 10.0.40219.1
Project("{FAE04EC0-301F-11D3-BF4B-00C04F79EFBC}") = "TesteETurn", "TesteETurn\TesteETurn.csproj", "{AD9BD538-6B24-4021-BD6A-AD2752E2C77D}"
EndProject
Global
	GlobalSection(SolutionConfigurationPlatforms) = preSolution
		Debug|Any CPU = Debug|Any CPU
		Release|Any CPU = Release|Any CPU
	EndGlobalSection
	GlobalSection(ProjectConfigurationPlatforms) = postSolution
		{AD9BD538-6B24-4021-BD6A-AD2752E2C77D}.Debug|Any CPU.ActiveCfg = Debug|Any CPU
		{AD9BD538-6B24-4021-BD6A-AD2752E2C77D}.Debug|Any CPU.Build.0 = Debug|Any CPU
		{AD9BD538-6B24-4021-BD6A-AD2752E2C77D}.Release|Any CPU.ActiveCfg = Release|Any CPU
		{AD9BD538-6B24-4021-BD6A-AD2752E2C77D}.Release|Any CPU.Build.0 = Release|Any CPU
	EndGlobalSection
	GlobalSection(SolutionProperties) = preSolution
		HideSolutionNode = FALSE
	EndGlobalSection
	GlobalSection(ExtensibilityGlobals) = postSolution
		SolutionGuid = {C61CFCD9-7947-4F8F-8816-42D6C8950244}
	EndGlobalSection
EndGlobal
